
Microsoft Visual Studio Solution File, Format Version 12.00
# Visual Studio 2013
VisualStudioVersion = 12.0.31101.0
MinimumVisualStudioVersion = 10.0.40219.1
Project("{FAE04EC0-301F-11D3-BF4B-00C04F79EFBC}") = "InterfazDeUsuario", "InterfazDeUsuario\InterfazDeUsuario.csproj", "{A9C1FF8A-FC8B-45EA-B182-E1B31728EDCA}"
EndProject
Project("{FAE04EC0-301F-11D3-BF4B-00C04F79EFBC}") = "Logica", "Logica\Logica.csproj", "{12A9E600-E950-4D6A-AC0E-A14550725409}"
EndProject
Project("{FAE04EC0-301F-11D3-BF4B-00C04F79EFBC}") = "Aplicacion", "Aplicacion\Aplicacion.csproj", "{4F38F475-23D4-4482-88A5-1D45A664F8DD}"
EndProject
Global
	GlobalSection(SolutionConfigurationPlatforms) = preSolution
		Debug|Any CPU = Debug|Any CPU
		Release|Any CPU = Release|Any CPU
	EndGlobalSection
	GlobalSection(ProjectConfigurationPlatforms) = postSolution
		{A9C1FF8A-FC8B-45EA-B182-E1B31728EDCA}.Debug|Any CPU.ActiveCfg = Debug|Any CPU
		{A9C1FF8A-FC8B-45EA-B182-E1B31728EDCA}.Debug|Any CPU.Build.0 = Debug|Any CPU
		{A9C1FF8A-FC8B-45EA-B182-E1B31728EDCA}.Release|Any CPU.ActiveCfg = Release|Any CPU
		{A9C1FF8A-FC8B-45EA-B182-E1B31728EDCA}.Release|Any CPU.Build.0 = Release|Any CPU
		{12A9E600-E950-4D6A-AC0E-A14550725409}.Debug|Any CPU.ActiveCfg = Debug|Any CPU
		{12A9E600-E950-4D6A-AC0E-A14550725409}.Debug|Any CPU.Build.0 = Debug|Any CPU
		{12A9E600-E950-4D6A-AC0E-A14550725409}.Release|Any CPU.ActiveCfg = Release|Any CPU
		{12A9E600-E950-4D6A-AC0E-A14550725409}.Release|Any CPU.Build.0 = Release|Any CPU
		{4F38F475-23D4-4482-88A5-1D45A664F8DD}.Debug|Any CPU.ActiveCfg = Debug|Any CPU
		{4F38F475-23D4-4482-88A5-1D45A664F8DD}.Debug|Any CPU.Build.0 = Debug|Any CPU
		{4F38F475-23D4-4482-88A5-1D45A664F8DD}.Release|Any CPU.ActiveCfg = Release|Any CPU
		{4F38F475-23D4-4482-88A5-1D45A664F8DD}.Release|Any CPU.Build.0 = Release|Any CPU
	EndGlobalSection
	GlobalSection(SolutionProperties) = preSolution
		HideSolutionNode = FALSE
	EndGlobalSection
EndGlobal
